
Microsoft Visual Studio Solution File, Format Version 12.00
# Visual Studio Version 17
VisualStudioVersion = 17.12.35707.178
MinimumVisualStudioVersion = 10.0.40219.1
Project("{FAE04EC0-301F-11D3-BF4B-00C04F79EFBC}") = "SharpGVGP", "SharpGVGP\SharpGVGP.csproj", "{1AA4B5BA-EEFC-41F8-85A5-CE98B2BD5C95}"
EndProject
Project("{FAE04EC0-301F-11D3-BF4B-00C04F79EFBC}") = "SharpGVGP.ConsoleSample", "SharpGVGP.ConsoleSample\SharpGVGP.ConsoleSample.csproj", "{0AAB6EE6-A409-41D0-8794-ED132EBE53BC}"
EndProject
Global
	GlobalSection(SolutionConfigurationPlatforms) = preSolution
		Debug|Any CPU = Debug|Any CPU
		Release|Any CPU = Release|Any CPU
	EndGlobalSection
	GlobalSection(ProjectConfigurationPlatforms) = postSolution
		{1AA4B5BA-EEFC-41F8-85A5-CE98B2BD5C95}.Debug|Any CPU.ActiveCfg = Debug|Any CPU
		{1AA4B5BA-EEFC-41F8-85A5-CE98B2BD5C95}.Debug|Any CPU.Build.0 = Debug|Any CPU
		{1AA4B5BA-EEFC-41F8-85A5-CE98B2BD5C95}.Release|Any CPU.ActiveCfg = Release|Any CPU
		{1AA4B5BA-EEFC-41F8-85A5-CE98B2BD5C95}.Release|Any CPU.Build.0 = Release|Any CPU
		{0AAB6EE6-A409-41D0-8794-ED132EBE53BC}.Debug|Any CPU.ActiveCfg = Debug|Any CPU
		{0AAB6EE6-A409-41D0-8794-ED132EBE53BC}.Debug|Any CPU.Build.0 = Debug|Any CPU
		{0AAB6EE6-A409-41D0-8794-ED132EBE53BC}.Release|Any CPU.ActiveCfg = Release|Any CPU
		{0AAB6EE6-A409-41D0-8794-ED132EBE53BC}.Release|Any CPU.Build.0 = Release|Any CPU
	EndGlobalSection
	GlobalSection(SolutionProperties) = preSolution
		HideSolutionNode = FALSE
	EndGlobalSection
	GlobalSection(ExtensibilityGlobals) = postSolution
		SolutionGuid = {5AAD1365-C761-4E24-972E-A532FC7E6DE0}
	EndGlobalSection
EndGlobal
