
Microsoft Visual Studio Solution File, Format Version 12.00
# Visual Studio Version 17
VisualStudioVersion = 17.12.35707.178
MinimumVisualStudioVersion = 10.0.40219.1
Project("{FAE04EC0-301F-11D3-BF4B-00C04F79EFBC}") = "SharpGVGP.Core", "src\SharpGVGP.Core\SharpGVGP.Core.csproj", "{FE85D2CD-093A-4029-A892-F4C68300F71F}"
EndProject
Project("{2150E333-8FDC-42A3-9474-1A3956D46DE8}") = "src", "src", "{02EA681E-C7D8-13C7-8484-4AC65E1B71E8}"
EndProject
Project("{2150E333-8FDC-42A3-9474-1A3956D46DE8}") = "tests", "tests", "{2D77CD67-3DC0-4BCE-AA04-1F961853A29E}"
EndProject
Project("{FAE04EC0-301F-11D3-BF4B-00C04F79EFBC}") = "SharpGVGP.Tests", "tests\SharpGVGP.Tests\SharpGVGP.Tests.csproj", "{0F81CAE3-9974-438F-A48C-9A1069B72D53}"
EndProject
Project("{FAE04EC0-301F-11D3-BF4B-00C04F79EFBC}") = "SharpGVGP.Environments", "src\SharpGVGP.Environments\SharpGVGP.Environments.csproj", "{84A5CB09-8786-4295-8202-8DD938048D64}"
EndProject
Project("{FAE04EC0-301F-11D3-BF4B-00C04F79EFBC}") = "SharpGVGP.Visualization", "src\SharpGVGP.Visualization\SharpGVGP.Visualization.csproj", "{B917EB77-F9C5-4BD2-89A9-3C3BE4454F80}"
EndProject
Project("{FAE04EC0-301F-11D3-BF4B-00C04F79EFBC}") = "SharpGVGP.AgentSamples", "src\SharpGVGP.AgentSamples\SharpGVGP.AgentSamples.csproj", "{DAF2AE7B-4CB9-4D01-A0A5-1CB6F6F86B07}"
EndProject
Project("{FAE04EC0-301F-11D3-BF4B-00C04F79EFBC}") = "SharpGVGP.Sandbox", "src\SharpGVGP.Sandbox\SharpGVGP.Sandbox.csproj", "{B8608EBA-01FC-4713-8A37-CE0565688856}"
EndProject
Global
	GlobalSection(SolutionConfigurationPlatforms) = preSolution
		Debug|Any CPU = Debug|Any CPU
		Release|Any CPU = Release|Any CPU
	EndGlobalSection
	GlobalSection(ProjectConfigurationPlatforms) = postSolution
		{FE85D2CD-093A-4029-A892-F4C68300F71F}.Debug|Any CPU.ActiveCfg = Debug|Any CPU
		{FE85D2CD-093A-4029-A892-F4C68300F71F}.Debug|Any CPU.Build.0 = Debug|Any CPU
		{FE85D2CD-093A-4029-A892-F4C68300F71F}.Release|Any CPU.ActiveCfg = Release|Any CPU
		{FE85D2CD-093A-4029-A892-F4C68300F71F}.Release|Any CPU.Build.0 = Release|Any CPU
		{0F81CAE3-9974-438F-A48C-9A1069B72D53}.Debug|Any CPU.ActiveCfg = Debug|Any CPU
		{0F81CAE3-9974-438F-A48C-9A1069B72D53}.Debug|Any CPU.Build.0 = Debug|Any CPU
		{0F81CAE3-9974-438F-A48C-9A1069B72D53}.Release|Any CPU.ActiveCfg = Release|Any CPU
		{0F81CAE3-9974-438F-A48C-9A1069B72D53}.Release|Any CPU.Build.0 = Release|Any CPU
		{84A5CB09-8786-4295-8202-8DD938048D64}.Debug|Any CPU.ActiveCfg = Debug|Any CPU
		{84A5CB09-8786-4295-8202-8DD938048D64}.Debug|Any CPU.Build.0 = Debug|Any CPU
		{84A5CB09-8786-4295-8202-8DD938048D64}.Release|Any CPU.ActiveCfg = Release|Any CPU
		{84A5CB09-8786-4295-8202-8DD938048D64}.Release|Any CPU.Build.0 = Release|Any CPU
		{B917EB77-F9C5-4BD2-89A9-3C3BE4454F80}.Debug|Any CPU.ActiveCfg = Debug|Any CPU
		{B917EB77-F9C5-4BD2-89A9-3C3BE4454F80}.Debug|Any CPU.Build.0 = Debug|Any CPU
		{B917EB77-F9C5-4BD2-89A9-3C3BE4454F80}.Release|Any CPU.ActiveCfg = Release|Any CPU
		{B917EB77-F9C5-4BD2-89A9-3C3BE4454F80}.Release|Any CPU.Build.0 = Release|Any CPU
		{DAF2AE7B-4CB9-4D01-A0A5-1CB6F6F86B07}.Debug|Any CPU.ActiveCfg = Debug|Any CPU
		{DAF2AE7B-4CB9-4D01-A0A5-1CB6F6F86B07}.Debug|Any CPU.Build.0 = Debug|Any CPU
		{DAF2AE7B-4CB9-4D01-A0A5-1CB6F6F86B07}.Release|Any CPU.ActiveCfg = Release|Any CPU
		{DAF2AE7B-4CB9-4D01-A0A5-1CB6F6F86B07}.Release|Any CPU.Build.0 = Release|Any CPU
		{B8608EBA-01FC-4713-8A37-CE0565688856}.Debug|Any CPU.ActiveCfg = Debug|Any CPU
		{B8608EBA-01FC-4713-8A37-CE0565688856}.Debug|Any CPU.Build.0 = Debug|Any CPU
		{B8608EBA-01FC-4713-8A37-CE0565688856}.Release|Any CPU.ActiveCfg = Release|Any CPU
		{B8608EBA-01FC-4713-8A37-CE0565688856}.Release|Any CPU.Build.0 = Release|Any CPU
	EndGlobalSection
	GlobalSection(SolutionProperties) = preSolution
		HideSolutionNode = FALSE
	EndGlobalSection
	GlobalSection(NestedProjects) = preSolution
		{FE85D2CD-093A-4029-A892-F4C68300F71F} = {02EA681E-C7D8-13C7-8484-4AC65E1B71E8}
		{0F81CAE3-9974-438F-A48C-9A1069B72D53} = {2D77CD67-3DC0-4BCE-AA04-1F961853A29E}
		{84A5CB09-8786-4295-8202-8DD938048D64} = {02EA681E-C7D8-13C7-8484-4AC65E1B71E8}
		{B917EB77-F9C5-4BD2-89A9-3C3BE4454F80} = {02EA681E-C7D8-13C7-8484-4AC65E1B71E8}
		{DAF2AE7B-4CB9-4D01-A0A5-1CB6F6F86B07} = {02EA681E-C7D8-13C7-8484-4AC65E1B71E8}
		{B8608EBA-01FC-4713-8A37-CE0565688856} = {02EA681E-C7D8-13C7-8484-4AC65E1B71E8}
	EndGlobalSection
	GlobalSection(ExtensibilityGlobals) = postSolution
		SolutionGuid = {5AAD1365-C761-4E24-972E-A532FC7E6DE0}
	EndGlobalSection
EndGlobal
